<Solution>
  <Folder Name="/repository/">
    <File Path="LICENSE.md" />
    <File Path="README.md" />
  </Folder>
  <Folder Name="/docs/">
    <File Path="docs/a2a.md" />
    <File Path="docs/artifacts.md" />
    <File Path="docs/caching.md" />
    <File Path="docs/code-execution.md" />
    <File Path="docs/evaluation-optimization.md" />
    <File Path="docs/feature-flags.md" />
    <File Path="docs/features.md" />
    <File Path="docs/getting-started.md" />
    <File Path="docs/human-in-the-loop.md" />
    <File Path="docs/index.md" />
    <File Path="docs/mcp.md" />
    <File Path="docs/models.md" />
    <File Path="docs/orchestration.md" />
    <File Path="docs/output-schema.md" />
    <File Path="docs/planning.md" />
    <File Path="docs/plugins.md" />
    <File Path="docs/running-agents.md" />
    <File Path="docs/streaming.md" />
    <File Path="docs/testing.md" />
    <File Path="docs/tools.md" />
  </Folder>
  <Folder Name="/samples/">
    <Project Path="samples/GoogleAdk.Samples.OpenApi/GoogleAdk.Samples.OpenApi.csproj" />
    <Project Path="samples/GoogleAdk.Samples.Orchestration/GoogleAdk.Samples.Orchestration.csproj" />
    <Project Path="samples/GoogleAdk.Samples.GoogleSearch/GoogleAdk.Samples.GoogleSearch.csproj" />
    <Project Path="samples/GoogleAdk.Samples.ParallelAgent/GoogleAdk.Samples.ParallelAgent.csproj" />
    <Project Path="samples/GoogleAdk.Samples.LoopAgent/GoogleAdk.Samples.LoopAgent.csproj" />
    <Project Path="samples/GoogleAdk.Samples.SubAgents/GoogleAdk.Samples.SubAgents.csproj" />
    <Project Path="samples/GoogleAdk.Samples.MultiOrchestration/GoogleAdk.Samples.MultiOrchestration.csproj" />
    <Project Path="samples/GoogleAdk.Samples.Auth/GoogleAdk.Samples.Auth.csproj" />
    <Project Path="samples/GoogleAdk.Samples.Plugins/GoogleAdk.Samples.Plugins.csproj" />
    <Project Path="samples/GoogleAdk.Samples.ArtifactsWeb/GoogleAdk.Samples.ArtifactsWeb.csproj" />
    <Project Path="samples/GoogleAdk.Samples.ContextCaching/GoogleAdk.Samples.ContextCaching.csproj" />
    <Project Path="samples/GoogleAdk.Samples.CodeExecutors/GoogleAdk.Samples.CodeExecutors.csproj" />
    <Project Path="samples/GoogleAdk.Samples.VertexAiSearch/GoogleAdk.Samples.VertexAiSearch.csproj" />
    <Project Path="samples/GoogleAdk.Samples.Ollama/GoogleAdk.Samples.Ollama.csproj" />
    <Project Path="samples/GoogleAdk.Samples.Planning/GoogleAdk.Samples.Planning.csproj" />
    <Project Path="samples/GoogleAdk.Samples.LiveBidi/GoogleAdk.Samples.LiveBidi.csproj" />
    <Project Path="samples/GoogleAdk.Samples.OutputSchema/GoogleAdk.Samples.OutputSchema.csproj" />
    <Project Path="samples/GoogleAdk.Samples.FeatureFlags/GoogleAdk.Samples.FeatureFlags.csproj" />
    <Project Path="samples/GoogleAdk.Samples.EvalOptimize/GoogleAdk.Samples.EvalOptimize.csproj" />
    <Project Path="samples/GoogleAdk.Samples.Tools/GoogleAdk.Samples.Tools.csproj" />
    <Project Path="samples/GoogleAdk.Samples.BlenderMcp/GoogleAdk.Samples.BlenderMcp.csproj" />
  </Folder>
  <Folder Name="/src/">
    <Project Path="src/GoogleAdk/GoogleAdk.csproj" />
    <Project Path="src/GoogleAdk.Core.Abstractions/GoogleAdk.Core.Abstractions.csproj" />
    <Project Path="src/GoogleAdk.Core/GoogleAdk.Core.csproj" />
    <Project Path="src/GoogleAdk.Models.Gemini/GoogleAdk.Models.Gemini.csproj" />
    <Project Path="src/GoogleAdk.Models.Meai/GoogleAdk.Models.Meai.csproj" />
    <Project Path="src/GoogleAdk.Sessions.EfCore/GoogleAdk.Sessions.EfCore.csproj" />
    <Project Path="src/GoogleAdk.SourceGenerators/GoogleAdk.SourceGenerators.csproj" />
    <Project Path="src/GoogleAdk.Tools.Mcp/GoogleAdk.Tools.Mcp.csproj" />
    <Project Path="src/GoogleAdk.Tools.OpenApi/GoogleAdk.Tools.OpenApi.csproj" />
    <Project Path="src/GoogleAdk.ApiServer/GoogleAdk.ApiServer.csproj" />
    <Project Path="src/GoogleAdk.Evaluation/GoogleAdk.Evaluation.csproj" />
    <Project Path="src/GoogleAdk.Optimization/GoogleAdk.Optimization.csproj" />
  </Folder>
  <Folder Name="/tests/">
    <Project Path="tests/GoogleAdk.Core.Tests/GoogleAdk.Core.Tests.csproj" />
    <Project Path="tests/GoogleAdk.E2e.Tests/GoogleAdk.E2e.Tests.csproj" />
  </Folder>
</Solution>
